// !$*UTF8*$!
{
	archiveVersion = 1;
	classes = {
	};
	objectVersion = 50;
	objects = {

/* Begin PBXBuildFile section */
		D6DA4BB726B1D7C0009900E3 /* AppDelegate.swift in Sources */ = {isa = PBXBuildFile; fileRef = D6DA4BB626B1D7C0009900E3 /* AppDelegate.swift */; };
		D6DA4BB926B1D7C0009900E3 /* SceneDelegate.swift in Sources */ = {isa = PBXBuildFile; fileRef = D6DA4BB826B1D7C0009900E3 /* SceneDelegate.swift */; };
		D6DA4BBB26B1D7C0009900E3 /* ViewController.swift in Sources */ = {isa = PBXBuildFile; fileRef = D6DA4BBA26B1D7C0009900E3 /* ViewController.swift */; };
		D6DA4BBE26B1D7C0009900E3 /* Main.storyboard in Resources */ = {isa = PBXBuildFile; fileRef = D6DA4BBC26B1D7C0009900E3 /* Main.storyboard */; };
		D6DA4BC026B1D7C1009900E3 /* Assets.xcassets in Resources */ = {isa = PBXBuildFile; fileRef = D6DA4BBF26B1D7C1009900E3 /* Assets.xcassets */; };
		D6DA4BC326B1D7C1009900E3 /* LaunchScreen.storyboard in Resources */ = {isa = PBXBuildFile; fileRef = D6DA4BC126B1D7C1009900E3 /* LaunchScreen.storyboard */; };
		D6DA4BCB26B1D908009900E3 /* MainTabBarController.swift in Sources */ = {isa = PBXBuildFile; fileRef = D6DA4BCA26B1D908009900E3 /* MainTabBarController.swift */; };
		D6DA4BCD26B1DA9F009900E3 /* PersonListViewController.swift in Sources */ = {isa = PBXBuildFile; fileRef = D6DA4BCC26B1DA9F009900E3 /* PersonListViewController.swift */; };
		D6DA4BCF26B1DAB5009900E3 /* ExtendPersonListViewController.swift in Sources */ = {isa = PBXBuildFile; fileRef = D6DA4BCE26B1DAB5009900E3 /* ExtendPersonListViewController.swift */; };
		D6DA4BD126B1E35C009900E3 /* DetailPersonViewController.swift in Sources */ = {isa = PBXBuildFile; fileRef = D6DA4BD026B1E35C009900E3 /* DetailPersonViewController.swift */; };
		D6DA4BD326B1E3B8009900E3 /* DataManager.swift in Sources */ = {isa = PBXBuildFile; fileRef = D6DA4BD226B1E3B8009900E3 /* DataManager.swift */; };
		D6DA4BD626B1E453009900E3 /* Person.swift in Sources */ = {isa = PBXBuildFile; fileRef = D6DA4BD526B1E453009900E3 /* Person.swift */; };
/* End PBXBuildFile section */

/* Begin PBXFileReference section */
		D6DA4BB326B1D7C0009900E3 /* UshakovSV_HW2.7.1.app */ = {isa = PBXFileReference; explicitFileType = wrapper.application; includeInIndex = 0; path = UshakovSV_HW2.7.1.app; sourceTree = BUILT_PRODUCTS_DIR; };
		D6DA4BB626B1D7C0009900E3 /* AppDelegate.swift */ = {isa = PBXFileReference; lastKnownFileType = sourcecode.swift; path = AppDelegate.swift; sourceTree = "<group>"; };
		D6DA4BB826B1D7C0009900E3 /* SceneDelegate.swift */ = {isa = PBXFileReference; lastKnownFileType = sourcecode.swift; path = SceneDelegate.swift; sourceTree = "<group>"; };
		D6DA4BBA26B1D7C0009900E3 /* ViewController.swift */ = {isa = PBXFileReference; lastKnownFileType = sourcecode.swift; path = ViewController.swift; sourceTree = "<group>"; };
		D6DA4BBD26B1D7C0009900E3 /* Base */ = {isa = PBXFileReference; lastKnownFileType = file.storyboard; name = Base; path = Base.lproj/Main.storyboard; sourceTree = "<group>"; };
		D6DA4BBF26B1D7C1009900E3 /* Assets.xcassets */ = {isa = PBXFileReference; lastKnownFileType = folder.assetcatalog; path = Assets.xcassets; sourceTree = "<group>"; };
		D6DA4BC226B1D7C1009900E3 /* Base */ = {isa = PBXFileReference; lastKnownFileType = file.storyboard; name = Base; path = Base.lproj/LaunchScreen.storyboard; sourceTree = "<group>"; };
		D6DA4BC426B1D7C1009900E3 /* Info.plist */ = {isa = PBXFileReference; lastKnownFileType = text.plist.xml; path = Info.plist; sourceTree = "<group>"; };
		D6DA4BCA26B1D908009900E3 /* MainTabBarController.swift */ = {isa = PBXFileReference; lastKnownFileType = sourcecode.swift; path = MainTabBarController.swift; sourceTree = "<group>"; };
		D6DA4BCC26B1DA9F009900E3 /* PersonListViewController.swift */ = {isa = PBXFileReference; lastKnownFileType = sourcecode.swift; path = PersonListViewController.swift; sourceTree = "<group>"; };
		D6DA4BCE26B1DAB5009900E3 /* ExtendPersonListViewController.swift */ = {isa = PBXFileReference; lastKnownFileType = sourcecode.swift; path = ExtendPersonListViewController.swift; sourceTree = "<group>"; };
		D6DA4BD026B1E35C009900E3 /* DetailPersonViewController.swift */ = {isa = PBXFileReference; lastKnownFileType = sourcecode.swift; path = DetailPersonViewController.swift; sourceTree = "<group>"; };
		D6DA4BD226B1E3B8009900E3 /* DataManager.swift */ = {isa = PBXFileReference; lastKnownFileType = sourcecode.swift; path = DataManager.swift; sourceTree = "<group>"; };
		D6DA4BD526B1E453009900E3 /* Person.swift */ = {isa = PBXFileReference; lastKnownFileType = sourcecode.swift; path = Person.swift; sourceTree = "<group>"; };
/* End PBXFileReference section */

/* Begin PBXFrameworksBuildPhase section */
		D6DA4BB026B1D7C0009900E3 /* Frameworks */ = {
			isa = PBXFrameworksBuildPhase;
			buildActionMask = 2147483647;
			files = (
			);
			runOnlyForDeploymentPostprocessing = 0;
		};
/* End PBXFrameworksBuildPhase section */

/* Begin PBXGroup section */
		D6DA4BAA26B1D7C0009900E3 = {
			isa = PBXGroup;
			children = (
				D6DA4BB526B1D7C0009900E3 /* UshakovSV_HW2.7.1 */,
				D6DA4BB426B1D7C0009900E3 /* Products */,
			);
			sourceTree = "<group>";
		};
		D6DA4BB426B1D7C0009900E3 /* Products */ = {
			isa = PBXGroup;
			children = (
				D6DA4BB326B1D7C0009900E3 /* UshakovSV_HW2.7.1.app */,
			);
			name = Products;
			sourceTree = "<group>";
		};
		D6DA4BB526B1D7C0009900E3 /* UshakovSV_HW2.7.1 */ = {
			isa = PBXGroup;
			children = (
				D6DA4BB626B1D7C0009900E3 /* AppDelegate.swift */,
				D6DA4BB826B1D7C0009900E3 /* SceneDelegate.swift */,
				D6DA4BBA26B1D7C0009900E3 /* ViewController.swift */,
				D6DA4BBC26B1D7C0009900E3 /* Main.storyboard */,
				D6DA4BD026B1E35C009900E3 /* DetailPersonViewController.swift */,
				D6DA4BD426B1E41F009900E3 /* DataManager */,
				D6DA4BCC26B1DA9F009900E3 /* PersonListViewController.swift */,
				D6DA4BCE26B1DAB5009900E3 /* ExtendPersonListViewController.swift */,
				D6DA4BBF26B1D7C1009900E3 /* Assets.xcassets */,
				D6DA4BC126B1D7C1009900E3 /* LaunchScreen.storyboard */,
				D6DA4BC426B1D7C1009900E3 /* Info.plist */,
				D6DA4BCA26B1D908009900E3 /* MainTabBarController.swift */,
			);
			path = UshakovSV_HW2.7.1;
			sourceTree = "<group>";
		};
		D6DA4BD426B1E41F009900E3 /* DataManager */ = {
			isa = PBXGroup;
			children = (
				D6DA4BD226B1E3B8009900E3 /* DataManager.swift */,
				D6DA4BD526B1E453009900E3 /* Person.swift */,
			);
			path = DataManager;
			sourceTree = "<group>";
		};
/* End PBXGroup section */

/* Begin PBXNativeTarget section */
		D6DA4BB226B1D7C0009900E3 /* UshakovSV_HW2.7.1 */ = {
			isa = PBXNativeTarget;
			buildConfigurationList = D6DA4BC726B1D7C1009900E3 /* Build configuration list for PBXNativeTarget "UshakovSV_HW2.7.1" */;
			buildPhases = (
				D6DA4BAF26B1D7C0009900E3 /* Sources */,
				D6DA4BB026B1D7C0009900E3 /* Frameworks */,
				D6DA4BB126B1D7C0009900E3 /* Resources */,
			);
			buildRules = (
			);
			dependencies = (
			);
			name = UshakovSV_HW2.7.1;
			productName = UshakovSV_HW2.7.1;
			productReference = D6DA4BB326B1D7C0009900E3 /* UshakovSV_HW2.7.1.app */;
			productType = "com.apple.product-type.application";
		};
/* End PBXNativeTarget section */

/* Begin PBXProject section */
		D6DA4BAB26B1D7C0009900E3 /* Project object */ = {
			isa = PBXProject;
			attributes = {
				LastSwiftUpdateCheck = 1250;
				LastUpgradeCheck = 1250;
				TargetAttributes = {
					D6DA4BB226B1D7C0009900E3 = {
						CreatedOnToolsVersion = 12.5.1;
					};
				};
			};
			buildConfigurationList = D6DA4BAE26B1D7C0009900E3 /* Build configuration list for PBXProject "UshakovSV_HW2.7.1" */;
			compatibilityVersion = "Xcode 9.3";
			developmentRegion = en;
			hasScannedForEncodings = 0;
			knownRegions = (
				en,
				Base,
			);
			mainGroup = D6DA4BAA26B1D7C0009900E3;
			productRefGroup = D6DA4BB426B1D7C0009900E3 /* Products */;
			projectDirPath = "";
			projectRoot = "";
			targets = (
				D6DA4BB226B1D7C0009900E3 /* UshakovSV_HW2.7.1 */,
			);
		};
/* End PBXProject section */

/* Begin PBXResourcesBuildPhase section */
		D6DA4BB126B1D7C0009900E3 /* Resources */ = {
			isa = PBXResourcesBuildPhase;
			buildActionMask = 2147483647;
			files = (
				D6DA4BC326B1D7C1009900E3 /* LaunchScreen.storyboard in Resources */,
				D6DA4BC026B1D7C1009900E3 /* Assets.xcassets in Resources */,
				D6DA4BBE26B1D7C0009900E3 /* Main.storyboard in Resources */,
			);
			runOnlyForDeploymentPostprocessing = 0;
		};
/* End PBXResourcesBuildPhase section */

/* Begin PBXSourcesBuildPhase section */
		D6DA4BAF26B1D7C0009900E3 /* Sources */ = {
			isa = PBXSourcesBuildPhase;
			buildActionMask = 2147483647;
			files = (
				D6DA4BBB26B1D7C0009900E3 /* ViewController.swift in Sources */,
				D6DA4BD326B1E3B8009900E3 /* DataManager.swift in Sources */,
				D6DA4BCF26B1DAB5009900E3 /* ExtendPersonListViewController.swift in Sources */,
				D6DA4BB726B1D7C0009900E3 /* AppDelegate.swift in Sources */,
				D6DA4BCD26B1DA9F009900E3 /* PersonListViewController.swift in Sources */,
				D6DA4BD126B1E35C009900E3 /* DetailPersonViewController.swift in Sources */,
				D6DA4BD626B1E453009900E3 /* Person.swift in Sources */,
				D6DA4BCB26B1D908009900E3 /* MainTabBarController.swift in Sources */,
				D6DA4BB926B1D7C0009900E3 /* SceneDelegate.swift in Sources */,
			);
			runOnlyForDeploymentPostprocessing = 0;
		};
/* End PBXSourcesBuildPhase section */

/* Begin PBXVariantGroup section */
		D6DA4BBC26B1D7C0009900E3 /* Main.storyboard */ = {
			isa = PBXVariantGroup;
			children = (
				D6DA4BBD26B1D7C0009900E3 /* Base */,
			);
			name = Main.storyboard;
			sourceTree = "<group>";
		};
		D6DA4BC126B1D7C1009900E3 /* LaunchScreen.storyboard */ = {
			isa = PBXVariantGroup;
			children = (
				D6DA4BC226B1D7C1009900E3 /* Base */,
			);
			name = LaunchScreen.storyboard;
			sourceTree = "<group>";
		};
/* End PBXVariantGroup section */

/* Begin XCBuildConfiguration section */
		D6DA4BC526B1D7C1009900E3 /* Debug */ = {
			isa = XCBuildConfiguration;
			buildSettings = {
				ALWAYS_SEARCH_USER_PATHS = NO;
				CLANG_ANALYZER_NONNULL = YES;
				CLANG_ANALYZER_NUMBER_OBJECT_CONVERSION = YES_AGGRESSIVE;
				CLANG_CXX_LANGUAGE_STANDARD = "gnu++14";
				CLANG_CXX_LIBRARY = "libc++";
				CLANG_ENABLE_MODULES = YES;
				CLANG_ENABLE_OBJC_ARC = YES;
				CLANG_ENABLE_OBJC_WEAK = YES;
				CLANG_WARN_BLOCK_CAPTURE_AUTORELEASING = YES;
				CLANG_WARN_BOOL_CONVERSION = YES;
				CLANG_WARN_COMMA = YES;
				CLANG_WARN_CONSTANT_CONVERSION = YES;
				CLANG_WARN_DEPRECATED_OBJC_IMPLEMENTATIONS = YES;
				CLANG_WARN_DIRECT_OBJC_ISA_USAGE = YES_ERROR;
				CLANG_WARN_DOCUMENTATION_COMMENTS = YES;
				CLANG_WARN_EMPTY_BODY = YES;
				CLANG_WARN_ENUM_CONVERSION = YES;
				CLANG_WARN_INFINITE_RECURSION = YES;
				CLANG_WARN_INT_CONVERSION = YES;
				CLANG_WARN_NON_LITERAL_NULL_CONVERSION = YES;
				CLANG_WARN_OBJC_IMPLICIT_RETAIN_SELF = YES;
				CLANG_WARN_OBJC_LITERAL_CONVERSION = YES;
				CLANG_WARN_OBJC_ROOT_CLASS = YES_ERROR;
				CLANG_WARN_QUOTED_INCLUDE_IN_FRAMEWORK_HEADER = YES;
				CLANG_WARN_RANGE_LOOP_ANALYSIS = YES;
				CLANG_WARN_STRICT_PROTOTYPES = YES;
				CLANG_WARN_SUSPICIOUS_MOVE = YES;
				CLANG_WARN_UNGUARDED_AVAILABILITY = YES_AGGRESSIVE;
				CLANG_WARN_UNREACHABLE_CODE = YES;
				CLANG_WARN__DUPLICATE_METHOD_MATCH = YES;
				COPY_PHASE_STRIP = NO;
				DEBUG_INFORMATION_FORMAT = dwarf;
				ENABLE_STRICT_OBJC_MSGSEND = YES;
				ENABLE_TESTABILITY = YES;
				GCC_C_LANGUAGE_STANDARD = gnu11;
				GCC_DYNAMIC_NO_PIC = NO;
				GCC_NO_COMMON_BLOCKS = YES;
				GCC_OPTIMIZATION_LEVEL = 0;
				GCC_PREPROCESSOR_DEFINITIONS = (
					"DEBUG=1",
					"$(inherited)",
				);
				GCC_WARN_64_TO_32_BIT_CONVERSION = YES;
				GCC_WARN_ABOUT_RETURN_TYPE = YES_ERROR;
				GCC_WARN_UNDECLARED_SELECTOR = YES;
				GCC_WARN_UNINITIALIZED_AUTOS = YES_AGGRESSIVE;
				GCC_WARN_UNUSED_FUNCTION = YES;
				GCC_WARN_UNUSED_VARIABLE = YES;
				IPHONEOS_DEPLOYMENT_TARGET = 14.5;
				MTL_ENABLE_DEBUG_INFO = INCLUDE_SOURCE;
				MTL_FAST_MATH = YES;
				ONLY_ACTIVE_ARCH = YES;
				SDKROOT = iphoneos;
				SWIFT_ACTIVE_COMPILATION_CONDITIONS = DEBUG;
				SWIFT_OPTIMIZATION_LEVEL = "-Onone";
			};
			name = Debug;
		};
		D6DA4BC626B1D7C1009900E3 /* Release */ = {
			isa = XCBuildConfiguration;
			buildSettings = {
				ALWAYS_SEARCH_USER_PATHS = NO;
				CLANG_ANALYZER_NONNULL = YES;
				CLANG_ANALYZER_NUMBER_OBJECT_CONVERSION = YES_AGGRESSIVE;
				CLANG_CXX_LANGUAGE_STANDARD = "gnu++14";
				CLANG_CXX_LIBRARY = "libc++";
				CLANG_ENABLE_MODULES = YES;
				CLANG_ENABLE_OBJC_ARC = YES;
				CLANG_ENABLE_OBJC_WEAK = YES;
				CLANG_WARN_BLOCK_CAPTURE_AUTORELEASING = YES;
				CLANG_WARN_BOOL_CONVERSION = YES;
				CLANG_WARN_COMMA = YES;
				CLANG_WARN_CONSTANT_CONVERSION = YES;
				CLANG_WARN_DEPRECATED_OBJC_IMPLEMENTATIONS = YES;
				CLANG_WARN_DIRECT_OBJC_ISA_USAGE = YES_ERROR;
				CLANG_WARN_DOCUMENTATION_COMMENTS = YES;
				CLANG_WARN_EMPTY_BODY = YES;
				CLANG_WARN_ENUM_CONVERSION = YES;
				CLANG_WARN_INFINITE_RECURSION = YES;
				CLANG_WARN_INT_CONVERSION = YES;
				CLANG_WARN_NON_LITERAL_NULL_CONVERSION = YES;
				CLANG_WARN_OBJC_IMPLICIT_RETAIN_SELF = YES;
				CLANG_WARN_OBJC_LITERAL_CONVERSION = YES;
				CLANG_WARN_OBJC_ROOT_CLASS = YES_ERROR;
				CLANG_WARN_QUOTED_INCLUDE_IN_FRAMEWORK_HEADER = YES;
				CLANG_WARN_RANGE_LOOP_ANALYSIS = YES;
				CLANG_WARN_STRICT_PROTOTYPES = YES;
				CLANG_WARN_SUSPICIOUS_MOVE = YES;
				CLANG_WARN_UNGUARDED_AVAILABILITY = YES_AGGRESSIVE;
				CLANG_WARN_UNREACHABLE_CODE = YES;
				CLANG_WARN__DUPLICATE_METHOD_MATCH = YES;
				COPY_PHASE_STRIP = NO;
				DEBUG_INFORMATION_FORMAT = "dwarf-with-dsym";
				ENABLE_NS_ASSERTIONS = NO;
				ENABLE_STRICT_OBJC_MSGSEND = YES;
				GCC_C_LANGUAGE_STANDARD = gnu11;
				GCC_NO_COMMON_BLOCKS = YES;
				GCC_WARN_64_TO_32_BIT_CONVERSION = YES;
				GCC_WARN_ABOUT_RETURN_TYPE = YES_ERROR;
				GCC_WARN_UNDECLARED_SELECTOR = YES;
				GCC_WARN_UNINITIALIZED_AUTOS = YES_AGGRESSIVE;
				GCC_WARN_UNUSED_FUNCTION = YES;
				GCC_WARN_UNUSED_VARIABLE = YES;
				IPHONEOS_DEPLOYMENT_TARGET = 14.5;
				MTL_ENABLE_DEBUG_INFO = NO;
				MTL_FAST_MATH = YES;
				SDKROOT = iphoneos;
				SWIFT_COMPILATION_MODE = wholemodule;
				SWIFT_OPTIMIZATION_LEVEL = "-O";
				VALIDATE_PRODUCT = YES;
			};
			name = Release;
		};
		D6DA4BC826B1D7C1009900E3 /* Debug */ = {
			isa = XCBuildConfiguration;
			buildSettings = {
				ASSETCATALOG_COMPILER_APPICON_NAME = AppIcon;
				ASSETCATALOG_COMPILER_GLOBAL_ACCENT_COLOR_NAME = AccentColor;
				CODE_SIGN_STYLE = Automatic;
				INFOPLIST_FILE = UshakovSV_HW2.7.1/Info.plist;
				LD_RUNPATH_SEARCH_PATHS = (
					"$(inherited)",
					"@executable_path/Frameworks",
				);
				PRODUCT_BUNDLE_IDENTIFIER = "Sergey-Brazz.UshakovSV-HW2-7-1";
				PRODUCT_NAME = "$(TARGET_NAME)";
				SWIFT_VERSION = 5.0;
				TARGETED_DEVICE_FAMILY = "1,2";
			};
			name = Debug;
		};
		D6DA4BC926B1D7C1009900E3 /* Release */ = {
			isa = XCBuildConfiguration;
			buildSettings = {
				ASSETCATALOG_COMPILER_APPICON_NAME = AppIcon;
				ASSETCATALOG_COMPILER_GLOBAL_ACCENT_COLOR_NAME = AccentColor;
				CODE_SIGN_STYLE = Automatic;
				INFOPLIST_FILE = UshakovSV_HW2.7.1/Info.plist;
				LD_RUNPATH_SEARCH_PATHS = (
					"$(inherited)",
					"@executable_path/Frameworks",
				);
				PRODUCT_BUNDLE_IDENTIFIER = "Sergey-Brazz.UshakovSV-HW2-7-1";
				PRODUCT_NAME = "$(TARGET_NAME)";
				SWIFT_VERSION = 5.0;
				TARGETED_DEVICE_FAMILY = "1,2";
			};
			name = Release;
		};
/* End XCBuildConfiguration section */

/* Begin XCConfigurationList section */
		D6DA4BAE26B1D7C0009900E3 /* Build configuration list for PBXProject "UshakovSV_HW2.7.1" */ = {
			isa = XCConfigurationList;
			buildConfigurations = (
				D6DA4BC526B1D7C1009900E3 /* Debug */,
				D6DA4BC626B1D7C1009900E3 /* Release */,
			);
			defaultConfigurationIsVisible = 0;
			defaultConfigurationName = Release;
		};
		D6DA4BC726B1D7C1009900E3 /* Build configuration list for PBXNativeTarget "UshakovSV_HW2.7.1" */ = {
			isa = XCConfigurationList;
			buildConfigurations = (
				D6DA4BC826B1D7C1009900E3 /* Debug */,
				D6DA4BC926B1D7C1009900E3 /* Release */,
			);
			defaultConfigurationIsVisible = 0;
			defaultConfigurationName = Release;
		};
/* End XCConfigurationList section */
	};
	rootObject = D6DA4BAB26B1D7C0009900E3 /* Project object */;
}
